
Microsoft Visual Studio Solution File, Format Version 12.00
# Visual Studio Version 17
VisualStudioVersion = 17.6.33829.357
MinimumVisualStudioVersion = 10.0.40219.1
Project("{2150E333-8FDC-42A3-9474-1A3956D46DE8}") = "src", "src", "{3BD151E8-80B9-4750-A76D-D40A2A92C6F1}"
EndProject
Project("{9A19103F-16F7-4668-BE54-9A1E7A4F7556}") = "UrlShortener", "src\UrlShortener\UrlShortener.csproj", "{739D95E1-1487-448B-87FA-02E87DD76224}"
EndProject
Global
	GlobalSection(SolutionConfigurationPlatforms) = preSolution
		Debug|Any CPU = Debug|Any CPU
		Release|Any CPU = Release|Any CPU
	EndGlobalSection
	GlobalSection(ProjectConfigurationPlatforms) = postSolution
		{739D95E1-1487-448B-87FA-02E87DD76224}.Debug|Any CPU.ActiveCfg = Debug|Any CPU
		{739D95E1-1487-448B-87FA-02E87DD76224}.Debug|Any CPU.Build.0 = Debug|Any CPU
		{739D95E1-1487-448B-87FA-02E87DD76224}.Release|Any CPU.ActiveCfg = Release|Any CPU
		{739D95E1-1487-448B-87FA-02E87DD76224}.Release|Any CPU.Build.0 = Release|Any CPU
	EndGlobalSection
	GlobalSection(SolutionProperties) = preSolution
		HideSolutionNode = FALSE
	EndGlobalSection
	GlobalSection(NestedProjects) = preSolution
		{739D95E1-1487-448B-87FA-02E87DD76224} = {3BD151E8-80B9-4750-A76D-D40A2A92C6F1}
	EndGlobalSection
	GlobalSection(ExtensibilityGlobals) = postSolution
		SolutionGuid = {F8BD8A58-075A-436B-B7C8-E81F61E1FF6E}
	EndGlobalSection
EndGlobal
